github.com/google/uuid v1.6.0 h1:NIvaJDMOsjHA8n1jAhLSgzrAzy1Hgr+hNrb57e+94F0=
github.com/google/uuid v1.6.0/go.mod h1:TIyPZe4MgqvfeYDBFedMoGGpEw/LqOeaOT+nhxU+yHo=
github.com/tinygodsdev/datasdk v0.0.0-20240714201738-988a85b929fe h1:NgxzK72qIv48xGS7lpW9//tYIxRCRgROImWOefY0P6E=
github.com/tinygodsdev/datasdk v0.0.0-20240714201738-988a85b929fe/go.mod h1:1xONnDyrk4EOdo6+5eZD7yqCJrChaDgAogsGSjLnBqs=
